PODS:
  - Charts (3.2.1):
    - Charts/Core (= 3.2.1)
  - Charts/Core (3.2.1)
  - SearchTextField (1.2.2)

DEPENDENCIES:
  - Charts
  - SearchTextField (~> 1.2.2)

SPEC REPOS:
  https://github.com/cocoapods/specs.git:
    - Charts
    - SearchTextField

SPEC CHECKSUMS:
  Charts: f122fb70b19847fa5817d018b77d6c5a2296ab25
  SearchTextField: a0992739d4b05dcbb40fb3a5cc6526bd991bdd23

PODFILE CHECKSUM: 3c9b00233921022ef5fa366ddc1b713d7853a766

COCOAPODS: 1.5.3
